
Microsoft Visual Studio Solution File, Format Version 12.00
# Visual Studio 14
VisualStudioVersion = 14.0.25420.1
MinimumVisualStudioVersion = 10.0.40219.1
Project("{FAE04EC0-301F-11D3-BF4B-00C04F79EFBC}") = "DemoApplication", "DemoApplication\DemoApplication.csproj", "{A1B8A9BC-34C4-4897-BF8D-1FA3B8EF8162}"
EndProject
Project("{FAE04EC0-301F-11D3-BF4B-00C04F79EFBC}") = "Demo.Module", "Demo.Module\Demo.Module.csproj", "{5B3D568F-5F35-4B26-B9E7-25FDA75D9100}"
EndProject
Global
	GlobalSection(SolutionConfigurationPlatforms) = preSolution
		Debug|Any CPU = Debug|Any CPU
		Release|Any CPU = Release|Any CPU
	EndGlobalSection
	GlobalSection(ProjectConfigurationPlatforms) = postSolution
		{A1B8A9BC-34C4-4897-BF8D-1FA3B8EF8162}.Debug|Any CPU.ActiveCfg = Debug|Any CPU
		{A1B8A9BC-34C4-4897-BF8D-1FA3B8EF8162}.Debug|Any CPU.Build.0 = Debug|Any CPU
		{A1B8A9BC-34C4-4897-BF8D-1FA3B8EF8162}.Release|Any CPU.ActiveCfg = Release|Any CPU
		{A1B8A9BC-34C4-4897-BF8D-1FA3B8EF8162}.Release|Any CPU.Build.0 = Release|Any CPU
		{5B3D568F-5F35-4B26-B9E7-25FDA75D9100}.Debug|Any CPU.ActiveCfg = Debug|Any CPU
		{5B3D568F-5F35-4B26-B9E7-25FDA75D9100}.Debug|Any CPU.Build.0 = Debug|Any CPU
		{5B3D568F-5F35-4B26-B9E7-25FDA75D9100}.Release|Any CPU.ActiveCfg = Release|Any CPU
		{5B3D568F-5F35-4B26-B9E7-25FDA75D9100}.Release|Any CPU.Build.0 = Release|Any CPU
	EndGlobalSection
	GlobalSection(SolutionProperties) = preSolution
		HideSolutionNode = FALSE
	EndGlobalSection
EndGlobal
